
Microsoft Visual Studio Solution File, Format Version 12.00
# Visual Studio Version 17
VisualStudioVersion = 17.0.32126.317
MinimumVisualStudioVersion = 10.0.40219.1
Project("{9A19103F-16F7-4668-BE54-9A1E7A4F7556}") = "WebApi", "WebApi\WebApi.csproj", "{D833327A-D11B-410C-8DFA-836F47CA49F4}"
EndProject
Project("{9A19103F-16F7-4668-BE54-9A1E7A4F7556}") = "TradingPlaces.Models", "TradingPlaces.Models\TradingPlaces.Models.csproj", "{E12D2F51-ECF7-4C55-A0E3-709D060D4C6C}"
EndProject
Project("{9A19103F-16F7-4668-BE54-9A1E7A4F7556}") = "TradingPlaces.Services", "TradingPlaces.Services\TradingPlaces.Services.csproj", "{447F82ED-3D86-4524-920F-1320A2E27741}"
EndProject
Project("{9A19103F-16F7-4668-BE54-9A1E7A4F7556}") = "TradingPlaces.Repositories", "TradingPlaces.Repositories\TradingPlaces.Repositories.csproj", "{C334110A-46C5-43BC-A2C1-3E927F554676}"
EndProject
Project("{FAE04EC0-301F-11D3-BF4B-00C04F79EFBC}") = "TradingPlaces.Infrastructure", "TradingPlaces.Infrastructure\TradingPlaces.Infrastructure.csproj", "{9C5C5544-75AB-46B4-8765-5F478058259A}"
EndProject
Global
	GlobalSection(SolutionConfigurationPlatforms) = preSolution
		Debug|Any CPU = Debug|Any CPU
		Release|Any CPU = Release|Any CPU
	EndGlobalSection
	GlobalSection(ProjectConfigurationPlatforms) = postSolution
		{D833327A-D11B-410C-8DFA-836F47CA49F4}.Debug|Any CPU.ActiveCfg = Debug|Any CPU
		{D833327A-D11B-410C-8DFA-836F47CA49F4}.Debug|Any CPU.Build.0 = Debug|Any CPU
		{D833327A-D11B-410C-8DFA-836F47CA49F4}.Release|Any CPU.ActiveCfg = Release|Any CPU
		{D833327A-D11B-410C-8DFA-836F47CA49F4}.Release|Any CPU.Build.0 = Release|Any CPU
		{E12D2F51-ECF7-4C55-A0E3-709D060D4C6C}.Debug|Any CPU.ActiveCfg = Debug|Any CPU
		{E12D2F51-ECF7-4C55-A0E3-709D060D4C6C}.Debug|Any CPU.Build.0 = Debug|Any CPU
		{E12D2F51-ECF7-4C55-A0E3-709D060D4C6C}.Release|Any CPU.ActiveCfg = Release|Any CPU
		{E12D2F51-ECF7-4C55-A0E3-709D060D4C6C}.Release|Any CPU.Build.0 = Release|Any CPU
		{447F82ED-3D86-4524-920F-1320A2E27741}.Debug|Any CPU.ActiveCfg = Debug|Any CPU
		{447F82ED-3D86-4524-920F-1320A2E27741}.Debug|Any CPU.Build.0 = Debug|Any CPU
		{447F82ED-3D86-4524-920F-1320A2E27741}.Release|Any CPU.ActiveCfg = Release|Any CPU
		{447F82ED-3D86-4524-920F-1320A2E27741}.Release|Any CPU.Build.0 = Release|Any CPU
		{C334110A-46C5-43BC-A2C1-3E927F554676}.Debug|Any CPU.ActiveCfg = Debug|Any CPU
		{C334110A-46C5-43BC-A2C1-3E927F554676}.Debug|Any CPU.Build.0 = Debug|Any CPU
		{C334110A-46C5-43BC-A2C1-3E927F554676}.Release|Any CPU.ActiveCfg = Release|Any CPU
		{C334110A-46C5-43BC-A2C1-3E927F554676}.Release|Any CPU.Build.0 = Release|Any CPU
		{9C5C5544-75AB-46B4-8765-5F478058259A}.Debug|Any CPU.ActiveCfg = Debug|Any CPU
		{9C5C5544-75AB-46B4-8765-5F478058259A}.Debug|Any CPU.Build.0 = Debug|Any CPU
		{9C5C5544-75AB-46B4-8765-5F478058259A}.Release|Any CPU.ActiveCfg = Release|Any CPU
		{9C5C5544-75AB-46B4-8765-5F478058259A}.Release|Any CPU.Build.0 = Release|Any CPU
	EndGlobalSection
	GlobalSection(SolutionProperties) = preSolution
		HideSolutionNode = FALSE
	EndGlobalSection
	GlobalSection(ExtensibilityGlobals) = postSolution
		SolutionGuid = {55F1E302-AA55-47C3-ABB2-B9C17265F75F}
	EndGlobalSection
EndGlobal
